# environment.lock.yaml — Pinned environment for reproducibility
# Generated: 2026-04-26
# Platform: Linux 5.15.0-131-generic x86_64
# CUDA Driver: 535.216.03 | CUDA Version: 12.2
# GPU: NVIDIA A100X, 81920 MiB

python_version: "3.10"  # verify with: python3 --version

# ── Model pins ────────────────────────────────────────────────────────────────
model_pins:
  LGAI-EXAONE/EXAONE-4.5-33B:
    revision: "58d6616991a60a67f84be82ad241d5bc9668a55c"
    last_modified: "2026-04-15T05:01:54+00:00"   # from HfApi().model_info().lastModified
    verified_date: "2026-04-26"                   # confirmed: sha == local snapshots/
    cache_dir: "model_cache/"
    ignore_patterns: ["*.bin", "*.pt"]
    # Verify: ls model_cache/models--LGAI-EXAONE--EXAONE-4.5-33B/snapshots/

# ── Transformers fork ─────────────────────────────────────────────────────────
transformers_fork:
  repo: "https://github.com/nuxlear/transformers.git"
  branch: "add-exaone4_5"
  commit: "31991e758f53bebaed91a066ed9ceb476a3c7777"
  install: "pip install git+https://github.com/nuxlear/transformers.git@add-exaone4_5"

# ── Core packages (pip freeze 2026-04-26) ─────────────────────────────────────
pip_packages:
  - torch==2.5.1+cu121
  - transformers  # pinned via fork commit above
  - huggingface_hub==1.12.0
  - numpy==2.2.6
  - scipy==1.15.3
  - matplotlib==3.10.9
  - pandas==2.3.3
  - safetensors==0.7.0
  - tokenizers==0.22.2
  - PyYAML==6.0.3
  - tqdm==4.67.3
  - pillow==12.2.0
  - filelock==3.29.0
  - fsspec==2026.3.0
  - Jinja2==3.1.6
  - MarkupSafe==3.0.3
  - mpmath==1.3.0
  - networkx==3.4.2
  - packaging==26.2
  - regex==2026.4.4
  - sympy==1.13.1
  - typing_extensions==4.15.0
  - triton==3.1.0
  - annotated-doc==0.0.4
  - anyio==4.13.0
  - certifi==2026.4.22
  - click==8.3.3
  - contourpy==1.3.2
  - cycler==0.12.1
  - exceptiongroup==1.3.1
  - fonttools==4.62.1
  - h11==0.16.0
  - hf-xet==1.4.3
  - httpcore==1.0.9
  - httpx==0.28.1
  - idna==3.13
  - kiwisolver==1.5.0
  - markdown-it-py==4.0.0
  - mdurl==0.1.2
  - pyparsing==3.3.2
  - python-dateutil==2.9.0.post0
  - pytz==2026.1.post1
  - rich==15.0.0
  - six==1.17.0
  - shellingham==1.5.4
  - typer==0.24.2
  - tzdata==2026.2
  - Pygments==2.20.0

# ── NVIDIA CUDA packages ───────────────────────────────────────────────────────
cuda_packages:
  nvidia-cublas-cu12: "12.1.3.1"
  nvidia-cuda-cupti-cu12: "12.1.105"
  nvidia-cuda-nvrtc-cu12: "12.1.105"
  nvidia-cuda-runtime-cu12: "12.1.105"
  nvidia-cudnn-cu12: "9.1.0.70"
  nvidia-cufft-cu12: "11.0.2.54"
  nvidia-curand-cu12: "10.3.2.106"
  nvidia-cusolver-cu12: "11.4.5.107"
  nvidia-cusparse-cu12: "12.1.0.106"
  nvidia-nccl-cu12: "2.21.5"
  nvidia-nvjitlink-cu12: "12.9.86"
  nvidia-nvtx-cu12: "12.1.105"

# ── Torch install command (session-specific; must match CUDA driver) ───────────
torch_install:
  cuda_12_1_to_12_2: "pip install torch==2.5.1 --index-url https://download.pytorch.org/whl/cu121"
  cuda_12_4_to_12_5: "pip install torch==2.5.1 --index-url https://download.pytorch.org/whl/cu124"
  cuda_12_6_plus: "pip install torch --index-url https://download.pytorch.org/whl/cu126"
